
Microsoft Visual Studio Solution File, Format Version 12.00
# Visual Studio 2015
Project("{FAE04EC0-301F-11D3-BF4B-00C04F79EFBC}") = "MiskatonicApartment.CSharp.Plugins", "MiskatonicApartment.CSharp.Plugins.csproj", "{3589E3F6-3713-E112-7EAD-1B5AC43E4787}"
EndProject
Project("{FAE04EC0-301F-11D3-BF4B-00C04F79EFBC}") = "MiskatonicApartment.CSharp", "MiskatonicApartment.CSharp.csproj", "{2ECEB5AD-EC53-6364-A719-4DD9EC99F878}"
EndProject
Project("{FAE04EC0-301F-11D3-BF4B-00C04F79EFBC}") = "MiskatonicApartment.CSharp.Editor", "MiskatonicApartment.CSharp.Editor.csproj", "{1346DAC2-D15A-2EA3-B42F-F88D0B1B6902}"
EndProject
Global
	GlobalSection(SolutionConfigurationPlatforms) = preSolution
		Debug|Any CPU = Debug|Any CPU
		Release|Any CPU = Release|Any CPU
	EndGlobalSection
	GlobalSection(ProjectConfigurationPlatforms) = postSolution
		{3589E3F6-3713-E112-7EAD-1B5AC43E4787}.Debug|Any CPU.ActiveCfg = Debug|Any CPU
		{3589E3F6-3713-E112-7EAD-1B5AC43E4787}.Debug|Any CPU.Build.0 = Debug|Any CPU
		{3589E3F6-3713-E112-7EAD-1B5AC43E4787}.Release|Any CPU.ActiveCfg = Release|Any CPU
		{3589E3F6-3713-E112-7EAD-1B5AC43E4787}.Release|Any CPU.Build.0 = Release|Any CPU
		{2ECEB5AD-EC53-6364-A719-4DD9EC99F878}.Debug|Any CPU.ActiveCfg = Debug|Any CPU
		{2ECEB5AD-EC53-6364-A719-4DD9EC99F878}.Debug|Any CPU.Build.0 = Debug|Any CPU
		{2ECEB5AD-EC53-6364-A719-4DD9EC99F878}.Release|Any CPU.ActiveCfg = Release|Any CPU
		{2ECEB5AD-EC53-6364-A719-4DD9EC99F878}.Release|Any CPU.Build.0 = Release|Any CPU
		{1346DAC2-D15A-2EA3-B42F-F88D0B1B6902}.Debug|Any CPU.ActiveCfg = Debug|Any CPU
		{1346DAC2-D15A-2EA3-B42F-F88D0B1B6902}.Debug|Any CPU.Build.0 = Debug|Any CPU
		{1346DAC2-D15A-2EA3-B42F-F88D0B1B6902}.Release|Any CPU.ActiveCfg = Release|Any CPU
		{1346DAC2-D15A-2EA3-B42F-F88D0B1B6902}.Release|Any CPU.Build.0 = Release|Any CPU
	EndGlobalSection
	GlobalSection(SolutionProperties) = preSolution
		HideSolutionNode = FALSE
	EndGlobalSection
EndGlobal
